Microsoft Visual Studio Solution File, Format Version 11.00
# Visual Studio 2010
Project("{C5A5C2A0-D074-45CA-9CA6-EE97526D1DD1}") = "pierce-impl-exercise1", ".dub/pierce-impl-exercise1.visualdproj", "{F7D222B4-4395-4180-9450-570E40EDDFB4}"
	ProjectSection(ProjectDependencies) = postProject
		{4BF3202A-2DBA-4A75-A0C6-FF218DBA9CEF} = {4BF3202A-2DBA-4A75-A0C6-FF218DBA9CEF}
	EndProjectSection
EndProject
Project("{C5A5C2A0-D074-45CA-9CA6-EE97526D1DD1}") = "pegged", ".dub/pegged.visualdproj", "{4BF3202A-2DBA-4A75-A0C6-FF218DBA9CEF}"
EndProject
Global
	GlobalSection(SolutionConfigurationPlatforms) = preSolution
		debug|x64 = debug|x64
	EndGlobalSection
	GlobalSection(ProjectConfigurationPlatforms) = postSolution
		{F7D222B4-4395-4180-9450-570E40EDDFB4}.debug|x64.ActiveCfg = debug|x64
		{F7D222B4-4395-4180-9450-570E40EDDFB4}.debug|x64.Build.0 = debug|x64
		{4BF3202A-2DBA-4A75-A0C6-FF218DBA9CEF}.debug|x64.ActiveCfg = debug|x64
		{4BF3202A-2DBA-4A75-A0C6-FF218DBA9CEF}.debug|x64.Build.0 = debug|x64
	EndGlobalSection
	GlobalSection(SolutionProperties) = preSolution
		HideSolutionNode = FALSE
	EndGlobalSection
EndGlobal
